
Microsoft Visual Studio Solution File, Format Version 12.00
# Visual Studio Version 17
VisualStudioVersion = 17.13.35931.197 d17.13
MinimumVisualStudioVersion = 10.0.40219.1
Project("{888888A0-9F3D-457C-B088-3A5042F75D52}") = "q13", "q13\q13.pyproj", "{271AA68B-2875-4E20-8FEF-C1EE251E3189}"
EndProject
Global
	GlobalSection(SolutionConfigurationPlatforms) = preSolution
		Debug|Any CPU = Debug|Any CPU
		Release|Any CPU = Release|Any CPU
	EndGlobalSection
	GlobalSection(ProjectConfigurationPlatforms) = postSolution
		{271AA68B-2875-4E20-8FEF-C1EE251E3189}.Debug|Any CPU.ActiveCfg = Debug|Any CPU
		{271AA68B-2875-4E20-8FEF-C1EE251E3189}.Release|Any CPU.ActiveCfg = Release|Any CPU
	EndGlobalSection
	GlobalSection(SolutionProperties) = preSolution
		HideSolutionNode = FALSE
	EndGlobalSection
	GlobalSection(ExtensibilityGlobals) = postSolution
		SolutionGuid = {BAD1E58C-38E8-4134-8F55-5801A5B5EEB6}
	EndGlobalSection
EndGlobal
